dependencies:
  '@types/common-tags': 1.8.0
  common-tags: 1.8.0
  discord.js: 12.5.3
  glob: 7.1.6
devDependencies:
  '@types/glob': 7.1.3
  '@types/node': 14.14.43
  prettier: 2.2.1
  ts-node-dev: 1.1.6_typescript@4.2.4
  tslib: 2.2.0
  tslint-config-fire: 1.0.1
  typescript: 4.2.4
lockfileVersion: 5.2
packages:
  /@discordjs/collection/0.1.6:
    dev: false
    resolution:
      integrity: sha512-utRNxnd9kSS2qhyivo9lMlt5qgAUasH2gb7BEOn6p0efFh24gjGomHzWKMAPn2hEReOPQZCJaRKoURwRotKucQ==
  /@discordjs/form-data/3.0.1:
    dependencies:
      asynckit: 0.4.0
      combined-stream: 1.0.8
      mime-types: 2.1.30
    dev: false
    engines:
      node: '>= 6'
    resolution:
      integrity: sha512-ZfFsbgEXW71Rw/6EtBdrP5VxBJy4dthyC0tpQKGKmYFImlmmrykO14Za+BiIVduwjte0jXEBlhSKf0MWbFp9Eg==
  /@types/common-tags/1.8.0:
    dev: false
    resolution:
      integrity: sha512-htRqZr5qn8EzMelhX/Xmx142z218lLyGaeZ3YR8jlze4TATRU9huKKvuBmAJEW4LCC4pnY1N6JAm6p85fMHjhg==
  /@types/glob/7.1.3:
    dependencies:
      '@types/minimatch': 3.0.4
      '@types/node': 14.14.43
    dev: true
    resolution:
      integrity: sha512-SEYeGAIQIQX8NN6LDKprLjbrd5dARM5EXsd8GI/A5l0apYI1fGMWgPHSe4ZKL4eozlAyI+doUE9XbYS4xCkQ1w==
  /@types/minimatch/3.0.4:
    dev: true
    resolution:
      integrity: sha512-1z8k4wzFnNjVK/tlxvrWuK5WMt6mydWWP7+zvH5eFep4oj+UkrfiJTRtjCeBXNpwaA/FYqqtb4/QS4ianFpIRA==
  /@types/node/14.14.43:
    dev: true
    resolution:
      integrity: sha512-3pwDJjp1PWacPTpH0LcfhgjvurQvrZFBrC6xxjaUEZ7ifUtT32jtjPxEMMblpqd2Mvx+k8haqQJLQxolyGN/cQ==
  /@types/strip-bom/3.0.0:
    dev: true
    resolution:
      integrity: sha1-FKjsOVbC6B7bdSB5CuzyHCkK69I=
  /@types/strip-json-comments/0.0.30:
    dev: true
    resolution:
      integrity: sha512-7NQmHra/JILCd1QqpSzl8+mJRc8ZHz3uDm8YV1Ks9IhK0epEiTw8aIErbvH9PI+6XbqhyIQy3462nEsn7UVzjQ==
  /abort-controller/3.0.0:
    dependencies:
      event-target-shim: 5.0.1
    dev: false
    engines:
      node: '>=6.5'
    resolution:
      integrity: sha512-h8lQ8tacZYnR3vNQTgibj+tODHI5/+l06Au2Pcriv/Gmet0eaj4TwWH41sO9wnHDiQsEj19q0drzdWdeAHtweg==
  /anymatch/3.1.2:
    dependencies:
      normalize-path: 3.0.0
      picomatch: 2.2.3
    dev: true
    engines:
      node: '>= 8'
    resolution:
      integrity: sha512-P43ePfOAIupkguHUycrc4qJ9kz8ZiuOUijaETwX7THt0Y/GNK7v0aa8rY816xWjZ7rJdA5XdMcpVFTKMq+RvWg==
  /arg/4.1.3:
    dev: true
    resolution:
      integrity: sha512-58S9QDqG0Xx27YwPSt9fJxivjYl432YCwfDMfZ+71RAqUrZef7LrKQZ3LHLOwCS4FLNBplP533Zx895SeOCHvA==
  /array-find-index/1.0.2:
    dev: true
    engines:
      node: '>=0.10.0'
    resolution:
      integrity: sha1-3wEKoSh+Fku9pvlyOwqWoexBh6E=
  /asynckit/0.4.0:
    dev: false
    resolution:
      integrity: sha1-x57Zf380y48robyXkLzDZkdLS3k=
  /balanced-match/1.0.2:
    resolution:
      integrity: sha512-3oSeUO0TMV67hN1AmbXsK4yaqU7tjiHlbxRDZOpH0KW9+CeX4bRAaX0Anxt0tx2MrpRpWwQaPwIlISEJhYU5Pw==
  /binary-extensions/2.2.0:
    dev: true
    engines:
      node: '>=8'
    resolution:
      integrity: sha512-jDctJ/IVQbZoJykoeHbhXpOlNBqGNcwXJKJog42E5HDPUwQTSdjCHdihjj0DlnheQ7blbT6dHOafNAiS8ooQKA==
  /brace-expansion/1.1.11:
    dependencies:
      balanced-match: 1.0.2
      concat-map: 0.0.1
    resolution:
      integrity: sha512-iCuPHDFgrHX7H2vEI/5xpz07zSHB00TpugqhmYtVmMO6518mCuRMoOYFldEBl0g187ufozdaHgWKcYFb61qGiA==
  /braces/3.0.2:
    dependencies:
      fill-range: 7.0.1
    dev: true
    engines:
      node: '>=8'
    resolution:
      integrity: sha512-b8um+L1RzM3WDSzvhm6gIz1yfTbBt6YTlcEKAvsmqCZZFw46z626lVj9j1yEPW33H5H+lBQpZMP1k8l+78Ha0A==
  /buffer-from/1.1.1:
    dev: true
    resolution:
      integrity: sha512-MQcXEUbCKtEo7bhqEs6560Hyd4XaovZlO/k9V3hjVUF/zwW7KBVdSK4gIt/bzwS9MbR5qob+F5jusZsb0YQK2A==
  /camelcase-keys/2.1.0:
    dependencies:
      camelcase: 2.1.1
      map-obj: 1.0.1
    dev: true
    engines:
      node: '>=0.10.0'
    resolution:
      integrity: sha1-MIvur/3ygRkFHvodkyITyRuPkuc=
  /camelcase/2.1.1:
    dev: true
    engines:
      node: '>=0.10.0'
    resolution:
      integrity: sha1-fB0W1nmhu+WcoCys7PsBHiAfWh8=
  /chokidar/3.5.1:
    dependencies:
      anymatch: 3.1.2
      braces: 3.0.2
      glob-parent: 5.1.2
      is-binary-path: 2.1.0
      is-glob: 4.0.1
      normalize-path: 3.0.0
      readdirp: 3.5.0
    dev: true
    engines:
      node: '>= 8.10.0'
    optionalDependencies:
      fsevents: 2.3.2
    resolution:
      integrity: sha512-9+s+Od+W0VJJzawDma/gvBNQqkTiqYTWLuZoyAsivsI4AaWTCzHG06/TMjsf1cYe9Cb97UCEhjz7HvnPk2p/tw==
  /combined-stream/1.0.8:
    dependencies:
      delayed-stream: 1.0.0
    dev: false
    engines:
      node: '>= 0.8'
    resolution:
      integrity: sha512-FQN4MRfuJeHf7cBbBMJFXhKSDq+2kAArBlmRBvcvFE5BB1HZKXtSFASDhdlz9zOYwxh8lDdnvmMOe/+5cdoEdg==
  /common-tags/1.8.0:
    dev: false
    engines:
      node: '>=4.0.0'
    resolution:
      integrity: sha512-6P6g0uetGpW/sdyUy/iQQCbFF0kWVMSIVSyYz7Zgjcgh8mgw8PQzDNZeyZ5DQ2gM7LBoZPHmnjz8rUthkBG5tw==
  /concat-map/0.0.1:
    resolution:
      integrity: sha1-2Klr13/Wjfd5OnMDajug1UBdR3s=
  /create-require/1.1.1:
    dev: true
    resolution:
      integrity: sha512-dcKFX3jn0MpIaXjisoRvexIJVEKzaq7z2rZKxf+MSr9TkdmHmsU4m2lcLojrj/FHl8mk5VxMmYA+ftRkP/3oKQ==
  /currently-unhandled/0.4.1:
    dependencies:
      array-find-index: 1.0.2
    dev: true
    engines:
      node: '>=0.10.0'
    resolution:
      integrity: sha1-mI3zP+qxke95mmE2nddsF635V+o=
  /dateformat/1.0.12:
    dependencies:
      get-stdin: 4.0.1
      meow: 3.7.0
    dev: true
    hasBin: true
    resolution:
      integrity: sha1-nxJLZ1lMk3/3BpMuSmQsyo27/uk=
  /decamelize/1.2.0:
    dev: true
    engines:
      node: '>=0.10.0'
    resolution:
      integrity: sha1-9lNNFRSCabIDUue+4m9QH5oZEpA=
  /delayed-stream/1.0.0:
    dev: false
    engines:
      node: '>=0.4.0'
    resolution:
      integrity: sha1-3zrhmayt+31ECqrgsp4icrJOxhk=
  /diff/4.0.2:
    dev: true
    engines:
      node: '>=0.3.1'
    resolution:
      integrity: sha512-58lmxKSA4BNyLz+HHMUzlOEpg09FV+ev6ZMe3vJihgdxzgcwZ8VoEEPmALCZG9LmqfVoNMMKpttIYTVG6uDY7A==
  /discord.js/12.5.3:
    dependencies:
      '@discordjs/collection': 0.1.6
      '@discordjs/form-data': 3.0.1
      abort-controller: 3.0.0
      node-fetch: 2.6.1
      prism-media: 1.2.9
      setimmediate: 1.0.5
      tweetnacl: 1.0.3
      ws: 7.4.5
    dev: false
    engines:
      node: '>=12.0.0'
    resolution:
      integrity: sha512-D3nkOa/pCkNyn6jLZnAiJApw2N9XrIsXUAdThf01i7yrEuqUmDGc7/CexVWwEcgbQR97XQ+mcnqJpmJ/92B4Aw==
  /dynamic-dedupe/0.3.0:
    dependencies:
      xtend: 4.0.2
    dev: true
    resolution:
      integrity: sha1-BuRMIj9eTpTXjvnbI6ZRXOL5YqE=
  /error-ex/1.3.2:
    dependencies:
      is-arrayish: 0.2.1
    dev: true
    resolution:
      integrity: sha512-7dFHNmqeFSEt2ZBsCriorKnn3Z2pj+fd9kmI6QoWw4//DL+icEBfc0U7qJCisqrTsKTjw4fNFy2pW9OqStD84g==
  /event-target-shim/5.0.1:
    dev: false
    engines:
      node: '>=6'
    resolution:
      integrity: sha512-i/2XbnSz/uxRCU6+NdVJgKWDTM427+MqYbkQzD321DuCQJUqOuJKIA0IM2+W2xtYHdKOmZ4dR6fExsd4SXL+WQ==
  /fill-range/7.0.1:
    dependencies:
      to-regex-range: 5.0.1
    dev: true
    engines:
      node: '>=8'
    resolution:
      integrity: sha512-qOo9F+dMUmC2Lcb4BbVvnKJxTPjCm+RRpe4gDuGrzkL7mEVl/djYSu2OdQ2Pa302N4oqkSg9ir6jaLWJ2USVpQ==
  /find-up/1.1.2:
    dependencies:
      path-exists: 2.1.0
      pinkie-promise: 2.0.1
    dev: true
    engines:
      node: '>=0.10.0'
    resolution:
      integrity: sha1-ay6YIrGizgpgq2TWEOzK1TyyTQ8=
  /fs.realpath/1.0.0:
    resolution:
      integrity: sha1-FQStJSMVjKpA20onh8sBQRmU6k8=
  /fsevents/2.3.2:
    dev: true
    engines:
      node: ^8.16.0 || ^10.6.0 || >=11.0.0
    optional: true
    os:
      - darwin
    resolution:
      integrity: sha512-xiqMQR4xAeHTuB9uWm+fFRcIOgKBMiOBP+eXiyT7jsgVCq1bkVygt00oASowB7EdtpOHaaPgKt812P9ab+DDKA==
  /function-bind/1.1.1:
    dev: true
    resolution:
      integrity: sha512-yIovAzMX49sF8Yl58fSCWJ5svSLuaibPxXQJFLmBObTuCr0Mf1KiPopGM9NiFjiYBCbfaa2Fh6breQ6ANVTI0A==
  /get-stdin/4.0.1:
    dev: true
    engines:
      node: '>=0.10.0'
    resolution:
      integrity: sha1-uWjGsKBDhDJJAui/Gl3zJXmkUP4=
  /glob-parent/5.1.2:
    dependencies:
      is-glob: 4.0.1
    dev: true
    engines:
      node: '>= 6'
    resolution:
      integrity: sha512-AOIgSQCepiJYwP3ARnGx+5VnTu2HBYdzbGP45eLw1vr3zB3vZLeyed1sC9hnbcOc9/SrMyM5RPQrkGz4aS9Zow==
  /glob/7.1.6:
    dependencies:
      fs.realpath: 1.0.0
      inflight: 1.0.6
      inherits: 2.0.4
      minimatch: 3.0.4
      once: 1.4.0
      path-is-absolute: 1.0.1
    resolution:
      integrity: sha512-LwaxwyZ72Lk7vZINtNNrywX0ZuLyStrdDtabefZKAY5ZGJhVtgdznluResxNmPitE0SAO+O26sWTHeKSI2wMBA==
  /graceful-fs/4.2.6:
    dev: true
    resolution:
      integrity: sha512-nTnJ528pbqxYanhpDYsi4Rd8MAeaBA67+RZ10CM1m3bTAVFEDcd5AuA4a6W5YkGZ1iNXHzZz8T6TBKLeBuNriQ==
  /has/1.0.3:
    dependencies:
      function-bind: 1.1.1
    dev: true
    engines:
      node: '>= 0.4.0'
    resolution:
      integrity: sha512-f2dvO0VU6Oej7RkWJGrehjbzMAjFp5/VKPp5tTpWIV4JHHZK1/BxbFRtf/siA2SWTe09caDmVtYYzWEIbBS4zw==
  /hosted-git-info/2.8.9:
    dev: true
    resolution:
      integrity: sha512-mxIDAb9Lsm6DoOJ7xH+5+X4y1LU/4Hi50L9C5sIswK3JzULS4bwk1FvjdBgvYR4bzT4tuUQiC15FE2f5HbLvYw==
  /indent-string/2.1.0:
    dependencies:
      repeating: 2.0.1
    dev: true
    engines:
      node: '>=0.10.0'
    resolution:
      integrity: sha1-ji1INIdCEhtKghi3oTfppSBJ3IA=
  /inflight/1.0.6:
    dependencies:
      once: 1.4.0
      wrappy: 1.0.2
    resolution:
      integrity: sha1-Sb1jMdfQLQwJvJEKEHW6gWW1bfk=
  /inherits/2.0.4:
    resolution:
      integrity: sha512-k/vGaX4/Yla3WzyMCvTQOXYeIHvqOKtnqBduzTHpzpQZzAskKMhZ2K+EnBiSM9zGSoIFeMpXKxa4dYeZIQqewQ==
  /is-arrayish/0.2.1:
    dev: true
    resolution:
      integrity: sha1-d8mYQFJ6qOyxqLppe4BkWnqSap0=
  /is-binary-path/2.1.0:
    dependencies:
      binary-extensions: 2.2.0
    dev: true
    engines:
      node: '>=8'
    resolution:
      integrity: sha512-ZMERYes6pDydyuGidse7OsHxtbI7WVeUEozgR/g7rd0xUimYNlvZRE/K2MgZTjWy725IfelLeVcEM97mmtRGXw==
  /is-core-module/2.3.0:
    dependencies:
      has: 1.0.3
    dev: true
    resolution:
      integrity: sha512-xSphU2KG9867tsYdLD4RWQ1VqdFl4HTO9Thf3I/3dLEfr0dbPTWKsuCKrgqMljg4nPE+Gq0VCnzT3gr0CyBmsw==
  /is-extglob/2.1.1:
    dev: true
    engines:
      node: '>=0.10.0'
    resolution:
      integrity: sha1-qIwCU1eR8C7TfHahueqXc8gz+MI=
  /is-finite/1.1.0:
    dev: true
    engines:
      node: '>=0.10.0'
    resolution:
      integrity: sha512-cdyMtqX/BOqqNBBiKlIVkytNHm49MtMlYyn1zxzvJKWmFMlGzm+ry5BBfYyeY9YmNKbRSo/o7OX9w9ale0wg3w==
  /is-glob/4.0.1:
    dependencies:
      is-extglob: 2.1.1
    dev: true
    engines:
      node: '>=0.10.0'
    resolution:
      integrity: sha512-5G0tKtBTFImOqDnLB2hG6Bp2qcKEFduo4tZu9MT/H6NQv/ghhy30o55ufafxJ/LdH79LLs2Kfrn85TLKyA7BUg==
  /is-number/7.0.0:
    dev: true
    engines:
      node: '>=0.12.0'
    resolution:
      integrity: sha512-41Cifkg6e8TylSpdtTpeLVMqvSBEVzTttHvERD741+pnZ8ANv0004MRL43QKPDlK9cGvNp6NZWZUBlbGXYxxng==
  /is-utf8/0.2.1:
    dev: true
    resolution:
      integrity: sha1-Sw2hRCEE0bM2NA6AeX6GXPOffXI=
  /load-json-file/1.1.0:
    dependencies:
      graceful-fs: 4.2.6
      parse-json: 2.2.0
      pify: 2.3.0
      pinkie-promise: 2.0.1
      strip-bom: 2.0.0
    dev: true
    engines:
      node: '>=0.10.0'
    resolution:
      integrity: sha1-lWkFcI1YtLq0wiYbBPWfMcmTdMA=
  /loud-rejection/1.6.0:
    dependencies:
      currently-unhandled: 0.4.1
      signal-exit: 3.0.3
    dev: true
    engines:
      node: '>=0.10.0'
    resolution:
      integrity: sha1-W0b4AUft7leIcPCG0Eghz5mOVR8=
  /make-error/1.3.6:
    dev: true
    resolution:
      integrity: sha512-s8UhlNe7vPKomQhC1qFelMokr/Sc3AgNbso3n74mVPA5LTZwkB9NlXf4XPamLxJE8h0gh73rM94xvwRT2CVInw==
  /map-obj/1.0.1:
    dev: true
    engines:
      node: '>=0.10.0'
    resolution:
      integrity: sha1-2TPOuSBdgr3PSIb2dCvcK03qFG0=
  /meow/3.7.0:
    dependencies:
      camelcase-keys: 2.1.0
      decamelize: 1.2.0
      loud-rejection: 1.6.0
      map-obj: 1.0.1
      minimist: 1.2.5
      normalize-package-data: 2.5.0
      object-assign: 4.1.1
      read-pkg-up: 1.0.1
      redent: 1.0.0
      trim-newlines: 1.0.0
    dev: true
    engines:
      node: '>=0.10.0'
    resolution:
      integrity: sha1-cstmi0JSKCkKu/qFaJJYcwioAfs=
  /mime-db/1.47.0:
    dev: false
    engines:
      node: '>= 0.6'
    resolution:
      integrity: sha512-QBmA/G2y+IfeS4oktet3qRZ+P5kPhCKRXxXnQEudYqUaEioAU1/Lq2us3D/t1Jfo4hE9REQPrbB7K5sOczJVIw==
  /mime-types/2.1.30:
    dependencies:
      mime-db: 1.47.0
    dev: false
    engines:
      node: '>= 0.6'
    resolution:
      integrity: sha512-crmjA4bLtR8m9qLpHvgxSChT+XoSlZi8J4n/aIdn3z92e/U47Z0V/yl+Wh9W046GgFVAmoNR/fmdbZYcSSIUeg==
  /minimatch/3.0.4:
    dependencies:
      brace-expansion: 1.1.11
    resolution:
      integrity: sha512-yJHVQEhyqPLUTgt9B83PXu6W3rx4MvvHvSUvToogpwoGDOUQ+yDrR0HRot+yOCdCO7u4hX3pWft6kWBBcqh0UA==
  /minimist/1.2.5:
    dev: true
    resolution:
      integrity: sha512-FM9nNUYrRBAELZQT3xeZQ7fmMOBg6nWNmJKTcgsJeaLstP/UODVpGsr5OhXhhXg6f+qtJ8uiZ+PUxkDWcgIXLw==
  /mkdirp/1.0.4:
    dev: true
    engines:
      node: '>=10'
    hasBin: true
    resolution:
      integrity: sha512-vVqVZQyf3WLx2Shd0qJ9xuvqgAyKPLAiqITEtqW0oIUjzo3PePDd6fW9iFz30ef7Ysp/oiWqbhszeGWW2T6Gzw==
  /node-fetch/2.6.1:
    dev: false
    engines:
      node: 4.x || >=6.0.0
    resolution:
      integrity: sha512-V4aYg89jEoVRxRb2fJdAg8FHvI7cEyYdVAh94HH0UIK8oJxUfkjlDQN9RbMx+bEjP7+ggMiFRprSti032Oipxw==
  /normalize-package-data/2.5.0:
    dependencies:
      hosted-git-info: 2.8.9
      resolve: 1.20.0
      semver: 5.7.1
      validate-npm-package-license: 3.0.4
    dev: true
    resolution:
      integrity: sha512-/5CMN3T0R4XTj4DcGaexo+roZSdSFW/0AOOTROrjxzCG1wrWXEsGbRKevjlIL+ZDE4sZlJr5ED4YW0yqmkK+eA==
  /normalize-path/3.0.0:
    dev: true
    engines:
      node: '>=0.10.0'
    resolution:
      integrity: sha512-6eZs5Ls3WtCisHWp9S2GUy8dqkpGi4BVSz3GaqiE6ezub0512ESztXUwUB6C6IKbQkY2Pnb/mD4WYojCRwcwLA==
  /object-assign/4.1.1:
    dev: true
    engines:
      node: '>=0.10.0'
    resolution:
      integrity: sha1-IQmtx5ZYh8/AXLvUQsrIv7s2CGM=
  /once/1.4.0:
    dependencies:
      wrappy: 1.0.2
    resolution:
      integrity: sha1-WDsap3WWHUsROsF9nFC6753Xa9E=
  /parse-json/2.2.0:
    dependencies:
      error-ex: 1.3.2
    dev: true
    engines:
      node: '>=0.10.0'
    resolution:
      integrity: sha1-9ID0BDTvgHQfhGkJn43qGPVaTck=
  /path-exists/2.1.0:
    dependencies:
      pinkie-promise: 2.0.1
    dev: true
    engines:
      node: '>=0.10.0'
    resolution:
      integrity: sha1-D+tsZPD8UY2adU3V77YscCJ2H0s=
  /path-is-absolute/1.0.1:
    engines:
      node: '>=0.10.0'
    resolution:
      integrity: sha1-F0uSaHNVNP+8es5r9TpanhtcX18=
  /path-parse/1.0.6:
    dev: true
    resolution:
      integrity: sha512-GSmOT2EbHrINBf9SR7CDELwlJ8AENk3Qn7OikK4nFYAu3Ote2+JYNVvkpAEQm3/TLNEJFD/xZJjzyxg3KBWOzw==
  /path-type/1.1.0:
    dependencies:
      graceful-fs: 4.2.6
      pify: 2.3.0
      pinkie-promise: 2.0.1
    dev: true
    engines:
      node: '>=0.10.0'
    resolution:
      integrity: sha1-WcRPfuSR2nBNpBXaWkBwuk+P5EE=
  /picomatch/2.2.3:
    dev: true
    engines:
      node: '>=8.6'
    resolution:
      integrity: sha512-KpELjfwcCDUb9PeigTs2mBJzXUPzAuP2oPcA989He8Rte0+YUAjw1JVedDhuTKPkHjSYzMN3npC9luThGYEKdg==
  /pify/2.3.0:
    dev: true
    engines:
      node: '>=0.10.0'
    resolution:
      integrity: sha1-7RQaasBDqEnqWISY59yosVMw6Qw=
  /pinkie-promise/2.0.1:
    dependencies:
      pinkie: 2.0.4
    dev: true
    engines:
      node: '>=0.10.0'
    resolution:
      integrity: sha1-ITXW36ejWMBprJsXh3YogihFD/o=
  /pinkie/2.0.4:
    dev: true
    engines:
      node: '>=0.10.0'
    resolution:
      integrity: sha1-clVrgM+g1IqXToDnckjoDtT3+HA=
  /prettier/2.2.1:
    dev: true
    engines:
      node: '>=10.13.0'
    hasBin: true
    resolution:
      integrity: sha512-PqyhM2yCjg/oKkFPtTGUojv7gnZAoG80ttl45O6x2Ug/rMJw4wcc9k6aaf2hibP7BGVCCM33gZoGjyvt9mm16Q==
  /prism-media/1.2.9:
    dev: false
    peerDependencies:
      '@discordjs/opus': ^0.5.0
      ffmpeg-static: ^4.2.7 || ^3.0.0 || ^2.4.0
      node-opus: ^0.3.3
      opusscript: ^0.0.8
    peerDependenciesMeta:
      '@discordjs/opus':
        optional: true
      ffmpeg-static:
        optional: true
      node-opus:
        optional: true
      opusscript:
        optional: true
    resolution:
      integrity: sha512-UHCYuqHipbTR1ZsXr5eg4JUmHER8Ss4YEb9Azn+9zzJ7/jlTtD1h0lc4g6tNx3eMlB8Mp6bfll0LPMAV4R6r3Q==
  /read-pkg-up/1.0.1:
    dependencies:
      find-up: 1.1.2
      read-pkg: 1.1.0
    dev: true
    engines:
      node: '>=0.10.0'
    resolution:
      integrity: sha1-nWPBMnbAZZGNV/ACpX9AobZD+wI=
  /read-pkg/1.1.0:
    dependencies:
      load-json-file: 1.1.0
      normalize-package-data: 2.5.0
      path-type: 1.1.0
    dev: true
    engines:
      node: '>=0.10.0'
    resolution:
      integrity: sha1-9f+qXs0pyzHAR0vKfXVra7KePyg=
  /readdirp/3.5.0:
    dependencies:
      picomatch: 2.2.3
    dev: true
    engines:
      node: '>=8.10.0'
    resolution:
      integrity: sha512-cMhu7c/8rdhkHXWsY+osBhfSy0JikwpHK/5+imo+LpeasTF8ouErHrlYkwT0++njiyuDvc7OFY5T3ukvZ8qmFQ==
  /redent/1.0.0:
    dependencies:
      indent-string: 2.1.0
      strip-indent: 1.0.1
    dev: true
    engines:
      node: '>=0.10.0'
    resolution:
      integrity: sha1-z5Fqsf1fHxbfsggi3W7H9zDCr94=
  /repeating/2.0.1:
    dependencies:
      is-finite: 1.1.0
    dev: true
    engines:
      node: '>=0.10.0'
    resolution:
      integrity: sha1-UhTFOpJtNVJwdSf7q0FdvAjQbdo=
  /resolve/1.20.0:
    dependencies:
      is-core-module: 2.3.0
      path-parse: 1.0.6
    dev: true
    resolution:
      integrity: sha512-wENBPt4ySzg4ybFQW2TT1zMQucPK95HSh/nq2CFTZVOGut2+pQvSsgtda4d26YrYcr067wjbmzOG8byDPBX63A==
  /rimraf/2.7.1:
    dependencies:
      glob: 7.1.6
    dev: true
    hasBin: true
    resolution:
      integrity: sha512-uWjbaKIK3T1OSVptzX7Nl6PvQ3qAGtKEtVRjRuazjfL3Bx5eI409VZSqgND+4UNnmzLVdPj9FqFJNPqBZFve4w==
  /semver/5.7.1:
    dev: true
    hasBin: true
    resolution:
      integrity: sha512-sauaDf/PZdVgrLTNYHRtpXa1iRiKcaebiKQ1BJdpQlWH2lCvexQdX55snPFyK7QzpudqbCI0qXFfOasHdyNDGQ==
  /setimmediate/1.0.5:
    dev: false
    resolution:
      integrity: sha1-KQy7Iy4waULX1+qbg3Mqt4VvgoU=
  /signal-exit/3.0.3:
    dev: true
    resolution:
      integrity: sha512-VUJ49FC8U1OxwZLxIbTTrDvLnf/6TDgxZcK8wxR8zs13xpx7xbG60ndBlhNrFi2EMuFRoeDoJO7wthSLq42EjA==
  /source-map-support/0.5.19:
    dependencies:
      buffer-from: 1.1.1
      source-map: 0.6.1
    dev: true
    resolution:
      integrity: sha512-Wonm7zOCIJzBGQdB+thsPar0kYuCIzYvxZwlBa87yi/Mdjv7Tip2cyVbLj5o0cFPN4EVkuTwb3GDDyUx2DGnGw==
  /source-map/0.6.1:
    dev: true
    engines:
      node: '>=0.10.0'
    resolution:
      integrity: sha512-UjgapumWlbMhkBgzT7Ykc5YXUT46F0iKu8SGXq0bcwP5dz/h0Plj6enJqjz1Zbq2l5WaqYnrVbwWOWMyF3F47g==
  /spdx-correct/3.1.1:
    dependencies:
      spdx-expression-parse: 3.0.1
      spdx-license-ids: 3.0.7
    dev: true
    resolution:
      integrity: sha512-cOYcUWwhCuHCXi49RhFRCyJEK3iPj1Ziz9DpViV3tbZOwXD49QzIN3MpOLJNxh2qwq2lJJZaKMVw9qNi4jTC0w==
  /spdx-exceptions/2.3.0:
    dev: true
    resolution:
      integrity: sha512-/tTrYOC7PPI1nUAgx34hUpqXuyJG+DTHJTnIULG4rDygi4xu/tfgmq1e1cIRwRzwZgo4NLySi+ricLkZkw4i5A==
  /spdx-expression-parse/3.0.1:
    dependencies:
      spdx-exceptions: 2.3.0
      spdx-license-ids: 3.0.7
    dev: true
    resolution:
      integrity: sha512-cbqHunsQWnJNE6KhVSMsMeH5H/L9EpymbzqTQ3uLwNCLZ1Q481oWaofqH7nO6V07xlXwY6PhQdQ2IedWx/ZK4Q==
  /spdx-license-ids/3.0.7:
    dev: true
    resolution:
      integrity: sha512-U+MTEOO0AiDzxwFvoa4JVnMV6mZlJKk2sBLt90s7G0Gd0Mlknc7kxEn3nuDPNZRta7O2uy8oLcZLVT+4sqNZHQ==
  /strip-bom/2.0.0:
    dependencies:
      is-utf8: 0.2.1
    dev: true
    engines:
      node: '>=0.10.0'
    resolution:
      integrity: sha1-YhmoVhZSBJHzV4i9vxRHqZx+aw4=
  /strip-bom/3.0.0:
    dev: true
    engines:
      node: '>=4'
    resolution:
      integrity: sha1-IzTBjpx1n3vdVv3vfprj1YjmjtM=
  /strip-indent/1.0.1:
    dependencies:
      get-stdin: 4.0.1
    dev: true
    engines:
      node: '>=0.10.0'
    hasBin: true
    resolution:
      integrity: sha1-DHlipq3vp7vUrDZkYKY4VSrhoKI=
  /strip-json-comments/2.0.1:
    dev: true
    engines:
      node: '>=0.10.0'
    resolution:
      integrity: sha1-PFMZQukIwml8DsNEhYwobHygpgo=
  /to-regex-range/5.0.1:
    dependencies:
      is-number: 7.0.0
    dev: true
    engines:
      node: '>=8.0'
    resolution:
      integrity: sha512-65P7iz6X5yEr1cwcgvQxbbIw7Uk3gOy5dIdtZ4rDveLqhrdJP+Li/Hx6tyK0NEb+2GCyneCMJiGqrADCSNk8sQ==
  /tree-kill/1.2.2:
    dev: true
    hasBin: true
    resolution:
      integrity: sha512-L0Orpi8qGpRG//Nd+H90vFB+3iHnue1zSSGmNOOCh1GLJ7rUKVwV2HvijphGQS2UmhUZewS9VgvxYIdgr+fG1A==
  /trim-newlines/1.0.0:
    dev: true
    engines:
      node: '>=0.10.0'
    resolution:
      integrity: sha1-WIeWa7WCpFA6QetST301ARgVphM=
  /ts-node-dev/1.1.6_typescript@4.2.4:
    dependencies:
      chokidar: 3.5.1
      dateformat: 1.0.12
      dynamic-dedupe: 0.3.0
      minimist: 1.2.5
      mkdirp: 1.0.4
      resolve: 1.20.0
      rimraf: 2.7.1
      source-map-support: 0.5.19
      tree-kill: 1.2.2
      ts-node: 9.1.1_typescript@4.2.4
      tsconfig: 7.0.0
      typescript: 4.2.4
    dev: true
    engines:
      node: '>=0.8.0'
    hasBin: true
    peerDependencies:
      node-notifier: '*'
      typescript: '*'
    peerDependenciesMeta:
      node-notifier:
        optional: true
    resolution:
      integrity: sha512-RTUi7mHMNQospArGz07KiraQcdgUVNXKsgO2HAi7FoiyPMdTDqdniB6K1dqyaIxT7c9v/VpSbfBZPS6uVpaFLQ==
  /ts-node/9.1.1_typescript@4.2.4:
    dependencies:
      arg: 4.1.3
      create-require: 1.1.1
      diff: 4.0.2
      make-error: 1.3.6
      source-map-support: 0.5.19
      typescript: 4.2.4
      yn: 3.1.1
    dev: true
    engines:
      node: '>=10.0.0'
    hasBin: true
    peerDependencies:
      typescript: '>=2.7'
    resolution:
      integrity: sha512-hPlt7ZACERQGf03M253ytLY3dHbGNGrAq9qIHWUY9XHYl1z7wYngSr3OQ5xmui8o2AaxsONxIzjafLUiWBo1Fg==
  /tsconfig/7.0.0:
    dependencies:
      '@types/strip-bom': 3.0.0
      '@types/strip-json-comments': 0.0.30
      strip-bom: 3.0.0
      strip-json-comments: 2.0.1
    dev: true
    resolution:
      integrity: sha512-vZXmzPrL+EmC4T/4rVlT2jNVMWCi/O4DIiSj3UHg1OE5kCKbk4mfrXc6dZksLgRM/TZlKnousKH9bbTazUWRRw==
  /tslib/2.2.0:
    dev: true
    resolution:
      integrity: sha512-gS9GVHRU+RGn5KQM2rllAlR3dU6m7AcpJKdtH8gFvQiC4Otgk98XnmMU+nZenHt/+VhnBPWwgrJsyrdcw6i23w==
  /tslint-config-fire/1.0.1:
    dev: true
    engines:
      typescript: ^3.0.0
    resolution:
      integrity: sha512-kSYiN7Jbk8MYNCW6Sjt1ay41q9/AtalgT+LvdzosIB+PTwTij8SHPfqZrPuFy7TW6Am0R6m9zKpskpqy2vEmpQ==
  /tweetnacl/1.0.3:
    dev: false
    resolution:
      integrity: sha512-6rt+RN7aOi1nGMyC4Xa5DdYiukl2UWCbcJft7YhxReBGQD7OAM8Pbxw6YMo4r2diNEA8FEmu32YOn9rhaiE5yw==
  /typescript/4.2.4:
    dev: true
    engines:
      node: '>=4.2.0'
    hasBin: true
    resolution:
      integrity: sha512-V+evlYHZnQkaz8TRBuxTA92yZBPotr5H+WhQ7bD3hZUndx5tGOa1fuCgeSjxAzM1RiN5IzvadIXTVefuuwZCRg==
  /validate-npm-package-license/3.0.4:
    dependencies:
      spdx-correct: 3.1.1
      spdx-expression-parse: 3.0.1
    dev: true
    resolution:
      integrity: sha512-DpKm2Ui/xN7/HQKCtpZxoRWBhZ9Z0kqtygG8XCgNQ8ZlDnxuQmWhj566j8fN4Cu3/JmbhsDo7fcAJq4s9h27Ew==
  /wrappy/1.0.2:
    resolution:
      integrity: sha1-tSQ9jz7BqjXxNkYFvA0QNuMKtp8=
  /ws/7.4.5:
    dev: false
    engines:
      node: '>=8.3.0'
    peerDependencies:
      bufferutil: ^4.0.1
      utf-8-validate: ^5.0.2
    peerDependenciesMeta:
      bufferutil:
        optional: true
      utf-8-validate:
        optional: true
    resolution:
      integrity: sha512-xzyu3hFvomRfXKH8vOFMU3OguG6oOvhXMo3xsGy3xWExqaM2dxBbVxuD99O7m3ZUFMvvscsZDqxfgMaRr/Nr1g==
  /xtend/4.0.2:
    dev: true
    engines:
      node: '>=0.4'
    resolution:
      integrity: sha512-LKYU1iAXJXUgAXn9URjiu+MWhyUXHsvfp7mcuYm9dSUKK0/CjtrUwFAxD82/mCWbtLsGjFIad0wIsod4zrTAEQ==
  /yn/3.1.1:
    dev: true
    engines:
      node: '>=6'
    resolution:
      integrity: sha512-Ux4ygGWsu2c7isFWe8Yu1YluJmqVhxqK2cLXNQA5AcC3QfbGNpM7fu0Y8b/z16pXLnFxZYvWhd3fhBY9DLmC6Q==
specifiers:
  '@types/common-tags': ^1.8.0
  '@types/glob': ^7.1.3
  '@types/node': ^14.14.10
  common-tags: ^1.8.0
  discord.js: ^12.5.1
  glob: ^7.1.6
  prettier: ^2.2.1
  ts-node-dev: ^1.0.0-pre.49
  tslib: ^2.0.3
  tslint-config-fire: ^1.0.1
  typescript: ^4.1.2
